// !$*UTF8*$!
{
	archiveVersion = 1;
	classes = {
	};
	objectVersion = 55;
	objects = {

/* Begin PBXBuildFile section */
		94C3677B28B3B99B00B8B155 /* main.swift in Sources */ = {isa = PBXBuildFile; fileRef = 94C3677A28B3B99B00B8B155 /* main.swift */; };
		94C3678228B3B9AA00B8B155 /* Sorter.swift in Sources */ = {isa = PBXBuildFile; fileRef = 94C3678128B3B9AA00B8B155 /* Sorter.swift */; };
		94C3678728B3BC1000B8B155 /* DataStructure in Frameworks */ = {isa = PBXBuildFile; productRef = 94C3678628B3BC1000B8B155 /* DataStructure */; };
		94C3678A28B3C06E00B8B155 /* BubbleSort1.swift in Sources */ = {isa = PBXBuildFile; fileRef = 94C3678928B3C06E00B8B155 /* BubbleSort1.swift */; };
		94C3678C28B3D39B00B8B155 /* BubbleSort2.swift in Sources */ = {isa = PBXBuildFile; fileRef = 94C3678B28B3D39B00B8B155 /* BubbleSort2.swift */; };
		94C3678E28B3D43900B8B155 /* BubbleSort3.swift in Sources */ = {isa = PBXBuildFile; fileRef = 94C3678D28B3D43900B8B155 /* BubbleSort3.swift */; };
		94C3679128B4A5BF00B8B155 /* QuickSort.swift in Sources */ = {isa = PBXBuildFile; fileRef = 94C3679028B4A5BF00B8B155 /* QuickSort.swift */; };
		94FC038C28C19CFE0080D5A3 /* QuickSorter.swift in Sources */ = {isa = PBXBuildFile; fileRef = 94FC038B28C19CFE0080D5A3 /* QuickSorter.swift */; };
/* End PBXBuildFile section */

/* Begin PBXCopyFilesBuildPhase section */
		94C3677528B3B99B00B8B155 /* CopyFiles */ = {
			isa = PBXCopyFilesBuildPhase;
			buildActionMask = 2147483647;
			dstPath = /usr/share/man/man1/;
			dstSubfolderSpec = 0;
			files = (
			);
			runOnlyForDeploymentPostprocessing = 1;
		};
/* End PBXCopyFilesBuildPhase section */

/* Begin PBXFileReference section */
		94C3677728B3B99B00B8B155 /* TestSort */ = {isa = PBXFileReference; explicitFileType = "compiled.mach-o.executable"; includeInIndex = 0; path = TestSort; sourceTree = BUILT_PRODUCTS_DIR; };
		94C3677A28B3B99B00B8B155 /* main.swift */ = {isa = PBXFileReference; lastKnownFileType = sourcecode.swift; path = main.swift; sourceTree = "<group>"; };
		94C3678128B3B9AA00B8B155 /* Sorter.swift */ = {isa = PBXFileReference; lastKnownFileType = sourcecode.swift; path = Sorter.swift; sourceTree = "<group>"; };
		94C3678428B3BBA400B8B155 /* dataStructure */ = {isa = PBXFileReference; lastKnownFileType = wrapper; name = dataStructure; path = ../../dataStructure; sourceTree = "<group>"; };
		94C3678928B3C06E00B8B155 /* BubbleSort1.swift */ = {isa = PBXFileReference; lastKnownFileType = sourcecode.swift; path = BubbleSort1.swift; sourceTree = "<group>"; };
		94C3678B28B3D39B00B8B155 /* BubbleSort2.swift */ = {isa = PBXFileReference; lastKnownFileType = sourcecode.swift; path = BubbleSort2.swift; sourceTree = "<group>"; };
		94C3678D28B3D43900B8B155 /* BubbleSort3.swift */ = {isa = PBXFileReference; lastKnownFileType = sourcecode.swift; path = BubbleSort3.swift; sourceTree = "<group>"; };
		94C3679028B4A5BF00B8B155 /* QuickSort.swift */ = {isa = PBXFileReference; lastKnownFileType = sourcecode.swift; path = QuickSort.swift; sourceTree = "<group>"; };
		94FC038B28C19CFE0080D5A3 /* QuickSorter.swift */ = {isa = PBXFileReference; lastKnownFileType = sourcecode.swift; path = QuickSorter.swift; sourceTree = "<group>"; };
/* End PBXFileReference section */

/* Begin PBXFrameworksBuildPhase section */
		94C3677428B3B99B00B8B155 /* Frameworks */ = {
			isa = PBXFrameworksBuildPhase;
			buildActionMask = 2147483647;
			files = (
				94C3678728B3BC1000B8B155 /* DataStructure in Frameworks */,
			);
			runOnlyForDeploymentPostprocessing = 0;
		};
/* End PBXFrameworksBuildPhase section */

/* Begin PBXGroup section */
		94C3676E28B3B99B00B8B155 = {
			isa = PBXGroup;
			children = (
				94C3678328B3BBA400B8B155 /* Packages */,
				94C3677928B3B99B00B8B155 /* TestSort */,
				94C3677828B3B99B00B8B155 /* Products */,
				94C3678528B3BC1000B8B155 /* Frameworks */,
			);
			sourceTree = "<group>";
		};
		94C3677828B3B99B00B8B155 /* Products */ = {
			isa = PBXGroup;
			children = (
				94C3677728B3B99B00B8B155 /* TestSort */,
			);
			name = Products;
			sourceTree = "<group>";
		};
		94C3677928B3B99B00B8B155 /* TestSort */ = {
			isa = PBXGroup;
			children = (
				94C3678828B3C04D00B8B155 /* sources */,
			);
			path = TestSort;
			sourceTree = "<group>";
		};
		94C3678328B3BBA400B8B155 /* Packages */ = {
			isa = PBXGroup;
			children = (
				94C3678428B3BBA400B8B155 /* dataStructure */,
			);
			name = Packages;
			sourceTree = "<group>";
		};
		94C3678528B3BC1000B8B155 /* Frameworks */ = {
			isa = PBXGroup;
			children = (
			);
			name = Frameworks;
			sourceTree = "<group>";
		};
		94C3678828B3C04D00B8B155 /* sources */ = {
			isa = PBXGroup;
			children = (
				94C3677A28B3B99B00B8B155 /* main.swift */,
				94C3678F28B3DDAD00B8B155 /* sorters */,
			);
			path = sources;
			sourceTree = "<group>";
		};
		94C3678F28B3DDAD00B8B155 /* sorters */ = {
			isa = PBXGroup;
			children = (
				94C3678128B3B9AA00B8B155 /* Sorter.swift */,
				94C3678928B3C06E00B8B155 /* BubbleSort1.swift */,
				94C3678B28B3D39B00B8B155 /* BubbleSort2.swift */,
				94C3678D28B3D43900B8B155 /* BubbleSort3.swift */,
				94C3679028B4A5BF00B8B155 /* QuickSort.swift */,
				94FC038B28C19CFE0080D5A3 /* QuickSorter.swift */,
			);
			path = sorters;
			sourceTree = "<group>";
		};
/* End PBXGroup section */

/* Begin PBXNativeTarget section */
		94C3677628B3B99B00B8B155 /* TestSort */ = {
			isa = PBXNativeTarget;
			buildConfigurationList = 94C3677E28B3B99B00B8B155 /* Build configuration list for PBXNativeTarget "TestSort" */;
			buildPhases = (
				94C3677328B3B99B00B8B155 /* Sources */,
				94C3677428B3B99B00B8B155 /* Frameworks */,
				94C3677528B3B99B00B8B155 /* CopyFiles */,
			);
			buildRules = (
			);
			dependencies = (
			);
			name = TestSort;
			packageProductDependencies = (
				94C3678628B3BC1000B8B155 /* DataStructure */,
			);
			productName = TestSort;
			productReference = 94C3677728B3B99B00B8B155 /* TestSort */;
			productType = "com.apple.product-type.tool";
		};
/* End PBXNativeTarget section */

/* Begin PBXProject section */
		94C3676F28B3B99B00B8B155 /* Project object */ = {
			isa = PBXProject;
			attributes = {
				BuildIndependentTargetsInParallel = 1;
				LastSwiftUpdateCheck = 1340;
				LastUpgradeCheck = 1340;
				TargetAttributes = {
					94C3677628B3B99B00B8B155 = {
						CreatedOnToolsVersion = 13.4.1;
					};
				};
			};
			buildConfigurationList = 94C3677228B3B99B00B8B155 /* Build configuration list for PBXProject "TestSort" */;
			compatibilityVersion = "Xcode 13.0";
			developmentRegion = en;
			hasScannedForEncodings = 0;
			knownRegions = (
				en,
				Base,
			);
			mainGroup = 94C3676E28B3B99B00B8B155;
			productRefGroup = 94C3677828B3B99B00B8B155 /* Products */;
			projectDirPath = "";
			projectRoot = "";
			targets = (
				94C3677628B3B99B00B8B155 /* TestSort */,
			);
		};
/* End PBXProject section */

/* Begin PBXSourcesBuildPhase section */
		94C3677328B3B99B00B8B155 /* Sources */ = {
			isa = PBXSourcesBuildPhase;
			buildActionMask = 2147483647;
			files = (
				94C3678228B3B9AA00B8B155 /* Sorter.swift in Sources */,
				94C3679128B4A5BF00B8B155 /* QuickSort.swift in Sources */,
				94C3678E28B3D43900B8B155 /* BubbleSort3.swift in Sources */,
				94C3678A28B3C06E00B8B155 /* BubbleSort1.swift in Sources */,
				94C3678C28B3D39B00B8B155 /* BubbleSort2.swift in Sources */,
				94C3677B28B3B99B00B8B155 /* main.swift in Sources */,
				94FC038C28C19CFE0080D5A3 /* QuickSorter.swift in Sources */,
			);
			runOnlyForDeploymentPostprocessing = 0;
		};
/* End PBXSourcesBuildPhase section */

/* Begin XCBuildConfiguration section */
		94C3677C28B3B99B00B8B155 /* Debug */ = {
			isa = XCBuildConfiguration;
			buildSettings = {
				ALWAYS_SEARCH_USER_PATHS = NO;
				CLANG_ANALYZER_NONNULL = YES;
				CLANG_ANALYZER_NUMBER_OBJECT_CONVERSION = YES_AGGRESSIVE;
				CLANG_CXX_LANGUAGE_STANDARD = "gnu++17";
				CLANG_ENABLE_MODULES = YES;
				CLANG_ENABLE_OBJC_ARC = YES;
				CLANG_ENABLE_OBJC_WEAK = YES;
				CLANG_WARN_BLOCK_CAPTURE_AUTORELEASING = YES;
				CLANG_WARN_BOOL_CONVERSION = YES;
				CLANG_WARN_COMMA = YES;
				CLANG_WARN_CONSTANT_CONVERSION = YES;
				CLANG_WARN_DEPRECATED_OBJC_IMPLEMENTATIONS = YES;
				CLANG_WARN_DIRECT_OBJC_ISA_USAGE = YES_ERROR;
				CLANG_WARN_DOCUMENTATION_COMMENTS = YES;
				CLANG_WARN_EMPTY_BODY = YES;
				CLANG_WARN_ENUM_CONVERSION = YES;
				CLANG_WARN_INFINITE_RECURSION = YES;
				CLANG_WARN_INT_CONVERSION = YES;
				CLANG_WARN_NON_LITERAL_NULL_CONVERSION = YES;
				CLANG_WARN_OBJC_IMPLICIT_RETAIN_SELF = YES;
				CLANG_WARN_OBJC_LITERAL_CONVERSION = YES;
				CLANG_WARN_OBJC_ROOT_CLASS = YES_ERROR;
				CLANG_WARN_QUOTED_INCLUDE_IN_FRAMEWORK_HEADER = YES;
				CLANG_WARN_RANGE_LOOP_ANALYSIS = YES;
				CLANG_WARN_STRICT_PROTOTYPES = YES;
				CLANG_WARN_SUSPICIOUS_MOVE = YES;
				CLANG_WARN_UNGUARDED_AVAILABILITY = YES_AGGRESSIVE;
				CLANG_WARN_UNREACHABLE_CODE = YES;
				CLANG_WARN__DUPLICATE_METHOD_MATCH = YES;
				COPY_PHASE_STRIP = NO;
				DEBUG_INFORMATION_FORMAT = dwarf;
				ENABLE_STRICT_OBJC_MSGSEND = YES;
				ENABLE_TESTABILITY = YES;
				GCC_C_LANGUAGE_STANDARD = gnu11;
				GCC_DYNAMIC_NO_PIC = NO;
				GCC_NO_COMMON_BLOCKS = YES;
				GCC_OPTIMIZATION_LEVEL = 0;
				GCC_PREPROCESSOR_DEFINITIONS = (
					"DEBUG=1",
					"$(inherited)",
				);
				GCC_WARN_64_TO_32_BIT_CONVERSION = YES;
				GCC_WARN_ABOUT_RETURN_TYPE = YES_ERROR;
				GCC_WARN_UNDECLARED_SELECTOR = YES;
				GCC_WARN_UNINITIALIZED_AUTOS = YES_AGGRESSIVE;
				GCC_WARN_UNUSED_FUNCTION = YES;
				GCC_WARN_UNUSED_VARIABLE = YES;
				MACOSX_DEPLOYMENT_TARGET = 12.3;
				MTL_ENABLE_DEBUG_INFO = INCLUDE_SOURCE;
				MTL_FAST_MATH = YES;
				ONLY_ACTIVE_ARCH = YES;
				SDKROOT = macosx;
				SWIFT_ACTIVE_COMPILATION_CONDITIONS = DEBUG;
				SWIFT_OPTIMIZATION_LEVEL = "-Onone";
			};
			name = Debug;
		};
		94C3677D28B3B99B00B8B155 /* Release */ = {
			isa = XCBuildConfiguration;
			buildSettings = {
				ALWAYS_SEARCH_USER_PATHS = NO;
				CLANG_ANALYZER_NONNULL = YES;
				CLANG_ANALYZER_NUMBER_OBJECT_CONVERSION = YES_AGGRESSIVE;
				CLANG_CXX_LANGUAGE_STANDARD = "gnu++17";
				CLANG_ENABLE_MODULES = YES;
				CLANG_ENABLE_OBJC_ARC = YES;
				CLANG_ENABLE_OBJC_WEAK = YES;
				CLANG_WARN_BLOCK_CAPTURE_AUTORELEASING = YES;
				CLANG_WARN_BOOL_CONVERSION = YES;
				CLANG_WARN_COMMA = YES;
				CLANG_WARN_CONSTANT_CONVERSION = YES;
				CLANG_WARN_DEPRECATED_OBJC_IMPLEMENTATIONS = YES;
				CLANG_WARN_DIRECT_OBJC_ISA_USAGE = YES_ERROR;
				CLANG_WARN_DOCUMENTATION_COMMENTS = YES;
				CLANG_WARN_EMPTY_BODY = YES;
				CLANG_WARN_ENUM_CONVERSION = YES;
				CLANG_WARN_INFINITE_RECURSION = YES;
				CLANG_WARN_INT_CONVERSION = YES;
				CLANG_WARN_NON_LITERAL_NULL_CONVERSION = YES;
				CLANG_WARN_OBJC_IMPLICIT_RETAIN_SELF = YES;
				CLANG_WARN_OBJC_LITERAL_CONVERSION = YES;
				CLANG_WARN_OBJC_ROOT_CLASS = YES_ERROR;
				CLANG_WARN_QUOTED_INCLUDE_IN_FRAMEWORK_HEADER = YES;
				CLANG_WARN_RANGE_LOOP_ANALYSIS = YES;
				CLANG_WARN_STRICT_PROTOTYPES = YES;
				CLANG_WARN_SUSPICIOUS_MOVE = YES;
				CLANG_WARN_UNGUARDED_AVAILABILITY = YES_AGGRESSIVE;
				CLANG_WARN_UNREACHABLE_CODE = YES;
				CLANG_WARN__DUPLICATE_METHOD_MATCH = YES;
				COPY_PHASE_STRIP = NO;
				DEBUG_INFORMATION_FORMAT = "dwarf-with-dsym";
				ENABLE_NS_ASSERTIONS = NO;
				ENABLE_STRICT_OBJC_MSGSEND = YES;
				GCC_C_LANGUAGE_STANDARD = gnu11;
				GCC_NO_COMMON_BLOCKS = YES;
				GCC_WARN_64_TO_32_BIT_CONVERSION = YES;
				GCC_WARN_ABOUT_RETURN_TYPE = YES_ERROR;
				GCC_WARN_UNDECLARED_SELECTOR = YES;
				GCC_WARN_UNINITIALIZED_AUTOS = YES_AGGRESSIVE;
				GCC_WARN_UNUSED_FUNCTION = YES;
				GCC_WARN_UNUSED_VARIABLE = YES;
				MACOSX_DEPLOYMENT_TARGET = 12.3;
				MTL_ENABLE_DEBUG_INFO = NO;
				MTL_FAST_MATH = YES;
				SDKROOT = macosx;
				SWIFT_COMPILATION_MODE = wholemodule;
				SWIFT_OPTIMIZATION_LEVEL = "-O";
			};
			name = Release;
		};
		94C3677F28B3B99B00B8B155 /* Debug */ = {
			isa = XCBuildConfiguration;
			buildSettings = {
				CODE_SIGN_STYLE = Automatic;
				DEVELOPMENT_ASSET_PATHS = "";
				DEVELOPMENT_TEAM = WS8S43M437;
				ENABLE_HARDENED_RUNTIME = YES;
				PRODUCT_NAME = "$(TARGET_NAME)";
				SWIFT_VERSION = 5.0;
			};
			name = Debug;
		};
		94C3678028B3B99B00B8B155 /* Release */ = {
			isa = XCBuildConfiguration;
			buildSettings = {
				CODE_SIGN_STYLE = Automatic;
				DEVELOPMENT_ASSET_PATHS = "";
				DEVELOPMENT_TEAM = WS8S43M437;
				ENABLE_HARDENED_RUNTIME = YES;
				PRODUCT_NAME = "$(TARGET_NAME)";
				SWIFT_VERSION = 5.0;
			};
			name = Release;
		};
/* End XCBuildConfiguration section */

/* Begin XCConfigurationList section */
		94C3677228B3B99B00B8B155 /* Build configuration list for PBXProject "TestSort" */ = {
			isa = XCConfigurationList;
			buildConfigurations = (
				94C3677C28B3B99B00B8B155 /* Debug */,
				94C3677D28B3B99B00B8B155 /* Release */,
			);
			defaultConfigurationIsVisible = 0;
			defaultConfigurationName = Release;
		};
		94C3677E28B3B99B00B8B155 /* Build configuration list for PBXNativeTarget "TestSort" */ = {
			isa = XCConfigurationList;
			buildConfigurations = (
				94C3677F28B3B99B00B8B155 /* Debug */,
				94C3678028B3B99B00B8B155 /* Release */,
			);
			defaultConfigurationIsVisible = 0;
			defaultConfigurationName = Release;
		};
/* End XCConfigurationList section */

/* Begin XCSwiftPackageProductDependency section */
		94C3678628B3BC1000B8B155 /* DataStructure */ = {
			isa = XCSwiftPackageProductDependency;
			productName = DataStructure;
		};
/* End XCSwiftPackageProductDependency section */
	};
	rootObject = 94C3676F28B3B99B00B8B155 /* Project object */;
}
