// !$*UTF8*$!
{
	archiveVersion = 1;
	classes = {
	};
	objectVersion = 55;
	objects = {

/* Begin PBXBuildFile section */
		940B605C28C35D45005F6622 /* _102_二叉树的层序遍历.swift in Sources */ = {isa = PBXBuildFile; fileRef = 940B605B28C35D45005F6622 /* _102_二叉树的层序遍历.swift */; };
		940B605E28C36C42005F6622 /* TreeNode.swift in Sources */ = {isa = PBXBuildFile; fileRef = 940B605D28C36C42005F6622 /* TreeNode.swift */; };
		940B606028C36C56005F6622 /* ListNode.swift in Sources */ = {isa = PBXBuildFile; fileRef = 940B605F28C36C56005F6622 /* ListNode.swift */; };
		940B606228C38782005F6622 /* _94_二叉树的中序遍历.swift in Sources */ = {isa = PBXBuildFile; fileRef = 940B606128C38782005F6622 /* _94_二叉树的中序遍历.swift */; };
		943420C628C43A3200FB4183 /* _104_二叉树的最大深度.swift in Sources */ = {isa = PBXBuildFile; fileRef = 943420C528C43A3200FB4183 /* _104_二叉树的最大深度.swift */; };
		943420C828C43F5E00FB4183 /* _110_平衡二叉树.swift in Sources */ = {isa = PBXBuildFile; fileRef = 943420C728C43F5E00FB4183 /* _110_平衡二叉树.swift */; };
		943420CA28C457D800FB4183 /* _101_对称二叉树.swift in Sources */ = {isa = PBXBuildFile; fileRef = 943420C928C457D800FB4183 /* _101_对称二叉树.swift */; };
		943420CC28C4617A00FB4183 /* _226_翻转二叉树.swift in Sources */ = {isa = PBXBuildFile; fileRef = 943420CB28C4617A00FB4183 /* _226_翻转二叉树.swift */; };
		943420CE28C467A400FB4183 /* _112_路径总和.swift in Sources */ = {isa = PBXBuildFile; fileRef = 943420CD28C467A400FB4183 /* _112_路径总和.swift */; };
		943420D028C46D4D00FB4183 /* _20_有效的括号.swift in Sources */ = {isa = PBXBuildFile; fileRef = 943420CF28C46D4D00FB4183 /* _20_有效的括号.swift */; };
		943420D428C479FA00FB4183 /* _232_用栈实现队列.swift in Sources */ = {isa = PBXBuildFile; fileRef = 943420D328C479FA00FB4183 /* _232_用栈实现队列.swift */; };
		943420D628C47C2E00FB4183 /* _155_最小栈.swift in Sources */ = {isa = PBXBuildFile; fileRef = 943420D528C47C2E00FB4183 /* _155_最小栈.swift */; };
		943420D828C4A68100FB4183 /* _1_两数之和.swift in Sources */ = {isa = PBXBuildFile; fileRef = 943420D728C4A68100FB4183 /* _1_两数之和.swift */; };
		943420DA28C4A8EB00FB4183 /* _169_多数元素.swift in Sources */ = {isa = PBXBuildFile; fileRef = 943420D928C4A8EB00FB4183 /* _169_多数元素.swift */; };
		943420DC28C4BBA300FB4183 /* _415_字符串相加.swift in Sources */ = {isa = PBXBuildFile; fileRef = 943420DB28C4BBA300FB4183 /* _415_字符串相加.swift */; };
		943420E028C4D22400FB4183 /* _704_二分查找.swift in Sources */ = {isa = PBXBuildFile; fileRef = 943420DF28C4D22400FB4183 /* _704_二分查找.swift */; };
		943420E228C4DEA600FB4183 /* _69_x的平方根.swift in Sources */ = {isa = PBXBuildFile; fileRef = 943420E128C4DEA600FB4183 /* _69_x的平方根.swift */; };
		94A5774028C3945F00BA65DF /* _剑指Offer_54_二叉搜索树的第k大结点.swift in Sources */ = {isa = PBXBuildFile; fileRef = 94A5773F28C3945F00BA65DF /* _剑指Offer_54_二叉搜索树的第k大结点.swift */; };
		94A5774228C39EF100BA65DF /* _543_二叉树的直径.swift in Sources */ = {isa = PBXBuildFile; fileRef = 94A5774128C39EF100BA65DF /* _543_二叉树的直径.swift */; };
		94E1DC7528C1F58D009529BE /* _160_相交链表.swift in Sources */ = {isa = PBXBuildFile; fileRef = 94E1DC7428C1F58D009529BE /* _160_相交链表.swift */; };
		94E1DC7728C201B1009529BE /* _剑指Offer_22_链表中倒数第k个节点.swift in Sources */ = {isa = PBXBuildFile; fileRef = 94E1DC7628C201B1009529BE /* _剑指Offer_22_链表中倒数第k个节点.swift */; };
		94E1DC7928C209D9009529BE /* _234_回文链表.swift in Sources */ = {isa = PBXBuildFile; fileRef = 94E1DC7828C209D9009529BE /* _234_回文链表.swift */; };
		94E1DC7B28C248EF009529BE /* _83_删除排序链表中的重复元素.swift in Sources */ = {isa = PBXBuildFile; fileRef = 94E1DC7A28C248EF009529BE /* _83_删除排序链表中的重复元素.swift */; };
		94E1DC7F28C24E4E009529BE /* _144_二叉树的前序遍历.swift in Sources */ = {isa = PBXBuildFile; fileRef = 94E1DC7E28C24E4E009529BE /* _144_二叉树的前序遍历.swift */; };
		94FC038328C0CEC80080D5A3 /* main.swift in Sources */ = {isa = PBXBuildFile; fileRef = 94FC038228C0CEC80080D5A3 /* main.swift */; };
		94FC038A28C0CED90080D5A3 /* _88_合并两个有序数组.swift in Sources */ = {isa = PBXBuildFile; fileRef = 94FC038928C0CED90080D5A3 /* _88_合并两个有序数组.swift */; };
		94FC038E28C1AB600080D5A3 /* _206_反转链表.swift in Sources */ = {isa = PBXBuildFile; fileRef = 94FC038D28C1AB600080D5A3 /* _206_反转链表.swift */; };
		94FC039028C1DC350080D5A3 /* _null_反转数组.swift in Sources */ = {isa = PBXBuildFile; fileRef = 94FC038F28C1DC350080D5A3 /* _null_反转数组.swift */; };
		94FC039228C1E0370080D5A3 /* _141_环形链表.swift in Sources */ = {isa = PBXBuildFile; fileRef = 94FC039128C1E0370080D5A3 /* _141_环形链表.swift */; };
		94FC039428C1E82D0080D5A3 /* _21_合并两个有序链表.swift in Sources */ = {isa = PBXBuildFile; fileRef = 94FC039328C1E82D0080D5A3 /* _21_合并两个有序链表.swift */; };
/* End PBXBuildFile section */

/* Begin PBXCopyFilesBuildPhase section */
		94FC037D28C0CEC80080D5A3 /* CopyFiles */ = {
			isa = PBXCopyFilesBuildPhase;
			buildActionMask = 2147483647;
			dstPath = /usr/share/man/man1/;
			dstSubfolderSpec = 0;
			files = (
			);
			runOnlyForDeploymentPostprocessing = 1;
		};
/* End PBXCopyFilesBuildPhase section */

/* Begin PBXFileReference section */
		940B605B28C35D45005F6622 /* _102_二叉树的层序遍历.swift */ = {isa = PBXFileReference; indentWidth = 2; lastKnownFileType = sourcecode.swift; path = "_102_二叉树的层序遍历.swift"; sourceTree = "<group>"; tabWidth = 2; };
		940B605D28C36C42005F6622 /* TreeNode.swift */ = {isa = PBXFileReference; indentWidth = 2; lastKnownFileType = sourcecode.swift; path = TreeNode.swift; sourceTree = "<group>"; tabWidth = 2; };
		940B605F28C36C56005F6622 /* ListNode.swift */ = {isa = PBXFileReference; lastKnownFileType = sourcecode.swift; path = ListNode.swift; sourceTree = "<group>"; };
		940B606128C38782005F6622 /* _94_二叉树的中序遍历.swift */ = {isa = PBXFileReference; lastKnownFileType = sourcecode.swift; path = "_94_二叉树的中序遍历.swift"; sourceTree = "<group>"; };
		943420C528C43A3200FB4183 /* _104_二叉树的最大深度.swift */ = {isa = PBXFileReference; lastKnownFileType = sourcecode.swift; path = "_104_二叉树的最大深度.swift"; sourceTree = "<group>"; };
		943420C728C43F5E00FB4183 /* _110_平衡二叉树.swift */ = {isa = PBXFileReference; lastKnownFileType = sourcecode.swift; path = "_110_平衡二叉树.swift"; sourceTree = "<group>"; };
		943420C928C457D800FB4183 /* _101_对称二叉树.swift */ = {isa = PBXFileReference; lastKnownFileType = sourcecode.swift; path = "_101_对称二叉树.swift"; sourceTree = "<group>"; };
		943420CB28C4617A00FB4183 /* _226_翻转二叉树.swift */ = {isa = PBXFileReference; lastKnownFileType = sourcecode.swift; path = "_226_翻转二叉树.swift"; sourceTree = "<group>"; };
		943420CD28C467A400FB4183 /* _112_路径总和.swift */ = {isa = PBXFileReference; lastKnownFileType = sourcecode.swift; path = "_112_路径总和.swift"; sourceTree = "<group>"; };
		943420CF28C46D4D00FB4183 /* _20_有效的括号.swift */ = {isa = PBXFileReference; lastKnownFileType = sourcecode.swift; path = "_20_有效的括号.swift"; sourceTree = "<group>"; };
		943420D328C479FA00FB4183 /* _232_用栈实现队列.swift */ = {isa = PBXFileReference; lastKnownFileType = sourcecode.swift; path = "_232_用栈实现队列.swift"; sourceTree = "<group>"; };
		943420D528C47C2E00FB4183 /* _155_最小栈.swift */ = {isa = PBXFileReference; lastKnownFileType = sourcecode.swift; path = "_155_最小栈.swift"; sourceTree = "<group>"; };
		943420D728C4A68100FB4183 /* _1_两数之和.swift */ = {isa = PBXFileReference; lastKnownFileType = sourcecode.swift; path = "_1_两数之和.swift"; sourceTree = "<group>"; };
		943420D928C4A8EB00FB4183 /* _169_多数元素.swift */ = {isa = PBXFileReference; lastKnownFileType = sourcecode.swift; path = "_169_多数元素.swift"; sourceTree = "<group>"; };
		943420DB28C4BBA300FB4183 /* _415_字符串相加.swift */ = {isa = PBXFileReference; lastKnownFileType = sourcecode.swift; path = "_415_字符串相加.swift"; sourceTree = "<group>"; };
		943420DF28C4D22400FB4183 /* _704_二分查找.swift */ = {isa = PBXFileReference; lastKnownFileType = sourcecode.swift; path = "_704_二分查找.swift"; sourceTree = "<group>"; };
		943420E128C4DEA600FB4183 /* _69_x的平方根.swift */ = {isa = PBXFileReference; lastKnownFileType = sourcecode.swift; path = "_69_x的平方根.swift"; sourceTree = "<group>"; };
		94A5773F28C3945F00BA65DF /* _剑指Offer_54_二叉搜索树的第k大结点.swift */ = {isa = PBXFileReference; lastKnownFileType = sourcecode.swift; path = "_剑指Offer_54_二叉搜索树的第k大结点.swift"; sourceTree = "<group>"; };
		94A5774128C39EF100BA65DF /* _543_二叉树的直径.swift */ = {isa = PBXFileReference; lastKnownFileType = sourcecode.swift; path = "_543_二叉树的直径.swift"; sourceTree = "<group>"; };
		94E1DC7428C1F58D009529BE /* _160_相交链表.swift */ = {isa = PBXFileReference; lastKnownFileType = sourcecode.swift; path = "_160_相交链表.swift"; sourceTree = "<group>"; };
		94E1DC7628C201B1009529BE /* _剑指Offer_22_链表中倒数第k个节点.swift */ = {isa = PBXFileReference; lastKnownFileType = sourcecode.swift; path = "_剑指Offer_22_链表中倒数第k个节点.swift"; sourceTree = "<group>"; };
		94E1DC7828C209D9009529BE /* _234_回文链表.swift */ = {isa = PBXFileReference; lastKnownFileType = sourcecode.swift; path = "_234_回文链表.swift"; sourceTree = "<group>"; };
		94E1DC7A28C248EF009529BE /* _83_删除排序链表中的重复元素.swift */ = {isa = PBXFileReference; lastKnownFileType = sourcecode.swift; path = "_83_删除排序链表中的重复元素.swift"; sourceTree = "<group>"; };
		94E1DC7E28C24E4E009529BE /* _144_二叉树的前序遍历.swift */ = {isa = PBXFileReference; indentWidth = 2; lastKnownFileType = sourcecode.swift; path = "_144_二叉树的前序遍历.swift"; sourceTree = "<group>"; tabWidth = 2; };
		94FC037F28C0CEC80080D5A3 /* TestLeetCode */ = {isa = PBXFileReference; explicitFileType = "compiled.mach-o.executable"; includeInIndex = 0; path = TestLeetCode; sourceTree = BUILT_PRODUCTS_DIR; };
		94FC038228C0CEC80080D5A3 /* main.swift */ = {isa = PBXFileReference; lastKnownFileType = sourcecode.swift; path = main.swift; sourceTree = "<group>"; };
		94FC038928C0CED90080D5A3 /* _88_合并两个有序数组.swift */ = {isa = PBXFileReference; lastKnownFileType = sourcecode.swift; path = "_88_合并两个有序数组.swift"; sourceTree = "<group>"; };
		94FC038D28C1AB600080D5A3 /* _206_反转链表.swift */ = {isa = PBXFileReference; lastKnownFileType = sourcecode.swift; path = "_206_反转链表.swift"; sourceTree = "<group>"; };
		94FC038F28C1DC350080D5A3 /* _null_反转数组.swift */ = {isa = PBXFileReference; lastKnownFileType = sourcecode.swift; path = "_null_反转数组.swift"; sourceTree = "<group>"; };
		94FC039128C1E0370080D5A3 /* _141_环形链表.swift */ = {isa = PBXFileReference; lastKnownFileType = sourcecode.swift; path = "_141_环形链表.swift"; sourceTree = "<group>"; };
		94FC039328C1E82D0080D5A3 /* _21_合并两个有序链表.swift */ = {isa = PBXFileReference; lastKnownFileType = sourcecode.swift; path = "_21_合并两个有序链表.swift"; sourceTree = "<group>"; };
/* End PBXFileReference section */

/* Begin PBXFrameworksBuildPhase section */
		94FC037C28C0CEC80080D5A3 /* Frameworks */ = {
			isa = PBXFrameworksBuildPhase;
			buildActionMask = 2147483647;
			files = (
			);
			runOnlyForDeploymentPostprocessing = 0;
		};
/* End PBXFrameworksBuildPhase section */

/* Begin PBXGroup section */
		943420D228C4780000FB4183 /* stack_queue */ = {
			isa = PBXGroup;
			children = (
				943420CF28C46D4D00FB4183 /* _20_有效的括号.swift */,
				943420D328C479FA00FB4183 /* _232_用栈实现队列.swift */,
				943420D528C47C2E00FB4183 /* _155_最小栈.swift */,
			);
			path = stack_queue;
			sourceTree = "<group>";
		};
		943420DD28C4CB7A00FB4183 /* hash_table */ = {
			isa = PBXGroup;
			children = (
				943420D728C4A68100FB4183 /* _1_两数之和.swift */,
				943420D928C4A8EB00FB4183 /* _169_多数元素.swift */,
			);
			path = hash_table;
			sourceTree = "<group>";
		};
		943420DE28C4CB8D00FB4183 /* string */ = {
			isa = PBXGroup;
			children = (
				943420DB28C4BBA300FB4183 /* _415_字符串相加.swift */,
			);
			path = string;
			sourceTree = "<group>";
		};
		943420E328C4DF6800FB4183 /* binary_search */ = {
			isa = PBXGroup;
			children = (
				943420DF28C4D22400FB4183 /* _704_二分查找.swift */,
				943420E128C4DEA600FB4183 /* _69_x的平方根.swift */,
			);
			path = binary_search;
			sourceTree = "<group>";
		};
		94E1DC7C28C24DF7009529BE /* array */ = {
			isa = PBXGroup;
			children = (
				94FC038928C0CED90080D5A3 /* _88_合并两个有序数组.swift */,
				94FC038F28C1DC350080D5A3 /* _null_反转数组.swift */,
			);
			path = array;
			sourceTree = "<group>";
		};
		94E1DC7D28C24E02009529BE /* linked_list */ = {
			isa = PBXGroup;
			children = (
				940B605F28C36C56005F6622 /* ListNode.swift */,
				94FC038D28C1AB600080D5A3 /* _206_反转链表.swift */,
				94FC039128C1E0370080D5A3 /* _141_环形链表.swift */,
				94FC039328C1E82D0080D5A3 /* _21_合并两个有序链表.swift */,
				94E1DC7428C1F58D009529BE /* _160_相交链表.swift */,
				94E1DC7628C201B1009529BE /* _剑指Offer_22_链表中倒数第k个节点.swift */,
				94E1DC7828C209D9009529BE /* _234_回文链表.swift */,
				94E1DC7A28C248EF009529BE /* _83_删除排序链表中的重复元素.swift */,
			);
			path = linked_list;
			sourceTree = "<group>";
		};
		94E1DC8028C24E55009529BE /* binary_tree */ = {
			isa = PBXGroup;
			children = (
				940B605D28C36C42005F6622 /* TreeNode.swift */,
				94E1DC7E28C24E4E009529BE /* _144_二叉树的前序遍历.swift */,
				940B606128C38782005F6622 /* _94_二叉树的中序遍历.swift */,
				940B605B28C35D45005F6622 /* _102_二叉树的层序遍历.swift */,
				94A5773F28C3945F00BA65DF /* _剑指Offer_54_二叉搜索树的第k大结点.swift */,
				943420C528C43A3200FB4183 /* _104_二叉树的最大深度.swift */,
				943420C728C43F5E00FB4183 /* _110_平衡二叉树.swift */,
				94A5774128C39EF100BA65DF /* _543_二叉树的直径.swift */,
				943420C928C457D800FB4183 /* _101_对称二叉树.swift */,
				943420CB28C4617A00FB4183 /* _226_翻转二叉树.swift */,
				943420CD28C467A400FB4183 /* _112_路径总和.swift */,
			);
			path = binary_tree;
			sourceTree = "<group>";
		};
		94FC037628C0CEC80080D5A3 = {
			isa = PBXGroup;
			children = (
				94FC038128C0CEC80080D5A3 /* TestLeetCode */,
				94FC038028C0CEC80080D5A3 /* Products */,
			);
			indentWidth = 2;
			sourceTree = "<group>";
			tabWidth = 2;
		};
		94FC038028C0CEC80080D5A3 /* Products */ = {
			isa = PBXGroup;
			children = (
				94FC037F28C0CEC80080D5A3 /* TestLeetCode */,
			);
			name = Products;
			sourceTree = "<group>";
		};
		94FC038128C0CEC80080D5A3 /* TestLeetCode */ = {
			isa = PBXGroup;
			children = (
				94FC038228C0CEC80080D5A3 /* main.swift */,
				94E1DC7C28C24DF7009529BE /* array */,
				94E1DC7D28C24E02009529BE /* linked_list */,
				94E1DC8028C24E55009529BE /* binary_tree */,
				943420D228C4780000FB4183 /* stack_queue */,
				943420DD28C4CB7A00FB4183 /* hash_table */,
				943420DE28C4CB8D00FB4183 /* string */,
				943420E328C4DF6800FB4183 /* binary_search */,
			);
			path = TestLeetCode;
			sourceTree = "<group>";
		};
/* End PBXGroup section */

/* Begin PBXNativeTarget section */
		94FC037E28C0CEC80080D5A3 /* TestLeetCode */ = {
			isa = PBXNativeTarget;
			buildConfigurationList = 94FC038628C0CEC80080D5A3 /* Build configuration list for PBXNativeTarget "TestLeetCode" */;
			buildPhases = (
				94FC037B28C0CEC80080D5A3 /* Sources */,
				94FC037C28C0CEC80080D5A3 /* Frameworks */,
				94FC037D28C0CEC80080D5A3 /* CopyFiles */,
			);
			buildRules = (
			);
			dependencies = (
			);
			name = TestLeetCode;
			productName = TestLeetCode;
			productReference = 94FC037F28C0CEC80080D5A3 /* TestLeetCode */;
			productType = "com.apple.product-type.tool";
		};
/* End PBXNativeTarget section */

/* Begin PBXProject section */
		94FC037728C0CEC80080D5A3 /* Project object */ = {
			isa = PBXProject;
			attributes = {
				BuildIndependentTargetsInParallel = 1;
				LastSwiftUpdateCheck = 1340;
				LastUpgradeCheck = 1340;
				TargetAttributes = {
					94FC037E28C0CEC80080D5A3 = {
						CreatedOnToolsVersion = 13.4.1;
					};
				};
			};
			buildConfigurationList = 94FC037A28C0CEC80080D5A3 /* Build configuration list for PBXProject "TestLeetCode" */;
			compatibilityVersion = "Xcode 13.0";
			developmentRegion = en;
			hasScannedForEncodings = 0;
			knownRegions = (
				en,
				Base,
			);
			mainGroup = 94FC037628C0CEC80080D5A3;
			productRefGroup = 94FC038028C0CEC80080D5A3 /* Products */;
			projectDirPath = "";
			projectRoot = "";
			targets = (
				94FC037E28C0CEC80080D5A3 /* TestLeetCode */,
			);
		};
/* End PBXProject section */

/* Begin PBXSourcesBuildPhase section */
		94FC037B28C0CEC80080D5A3 /* Sources */ = {
			isa = PBXSourcesBuildPhase;
			buildActionMask = 2147483647;
			files = (
				940B606228C38782005F6622 /* _94_二叉树的中序遍历.swift in Sources */,
				943420C628C43A3200FB4183 /* _104_二叉树的最大深度.swift in Sources */,
				943420CE28C467A400FB4183 /* _112_路径总和.swift in Sources */,
				943420CA28C457D800FB4183 /* _101_对称二叉树.swift in Sources */,
				943420DA28C4A8EB00FB4183 /* _169_多数元素.swift in Sources */,
				94FC039028C1DC350080D5A3 /* _null_反转数组.swift in Sources */,
				943420DC28C4BBA300FB4183 /* _415_字符串相加.swift in Sources */,
				943420D028C46D4D00FB4183 /* _20_有效的括号.swift in Sources */,
				94E1DC7F28C24E4E009529BE /* _144_二叉树的前序遍历.swift in Sources */,
				94FC039228C1E0370080D5A3 /* _141_环形链表.swift in Sources */,
				940B605E28C36C42005F6622 /* TreeNode.swift in Sources */,
				943420D628C47C2E00FB4183 /* _155_最小栈.swift in Sources */,
				94FC038328C0CEC80080D5A3 /* main.swift in Sources */,
				94E1DC7928C209D9009529BE /* _234_回文链表.swift in Sources */,
				940B605C28C35D45005F6622 /* _102_二叉树的层序遍历.swift in Sources */,
				940B606028C36C56005F6622 /* ListNode.swift in Sources */,
				94A5774028C3945F00BA65DF /* _剑指Offer_54_二叉搜索树的第k大结点.swift in Sources */,
				943420CC28C4617A00FB4183 /* _226_翻转二叉树.swift in Sources */,
				94E1DC7728C201B1009529BE /* _剑指Offer_22_链表中倒数第k个节点.swift in Sources */,
				94A5774228C39EF100BA65DF /* _543_二叉树的直径.swift in Sources */,
				943420D828C4A68100FB4183 /* _1_两数之和.swift in Sources */,
				943420C828C43F5E00FB4183 /* _110_平衡二叉树.swift in Sources */,
				943420E228C4DEA600FB4183 /* _69_x的平方根.swift in Sources */,
				943420E028C4D22400FB4183 /* _704_二分查找.swift in Sources */,
				94E1DC7528C1F58D009529BE /* _160_相交链表.swift in Sources */,
				94FC038E28C1AB600080D5A3 /* _206_反转链表.swift in Sources */,
				94FC039428C1E82D0080D5A3 /* _21_合并两个有序链表.swift in Sources */,
				943420D428C479FA00FB4183 /* _232_用栈实现队列.swift in Sources */,
				94FC038A28C0CED90080D5A3 /* _88_合并两个有序数组.swift in Sources */,
				94E1DC7B28C248EF009529BE /* _83_删除排序链表中的重复元素.swift in Sources */,
			);
			runOnlyForDeploymentPostprocessing = 0;
		};
/* End PBXSourcesBuildPhase section */

/* Begin XCBuildConfiguration section */
		94FC038428C0CEC80080D5A3 /* Debug */ = {
			isa = XCBuildConfiguration;
			buildSettings = {
				ALWAYS_SEARCH_USER_PATHS = NO;
				CLANG_ANALYZER_NONNULL = YES;
				CLANG_ANALYZER_NUMBER_OBJECT_CONVERSION = YES_AGGRESSIVE;
				CLANG_CXX_LANGUAGE_STANDARD = "gnu++17";
				CLANG_ENABLE_MODULES = YES;
				CLANG_ENABLE_OBJC_ARC = YES;
				CLANG_ENABLE_OBJC_WEAK = YES;
				CLANG_WARN_BLOCK_CAPTURE_AUTORELEASING = YES;
				CLANG_WARN_BOOL_CONVERSION = YES;
				CLANG_WARN_COMMA = YES;
				CLANG_WARN_CONSTANT_CONVERSION = YES;
				CLANG_WARN_DEPRECATED_OBJC_IMPLEMENTATIONS = YES;
				CLANG_WARN_DIRECT_OBJC_ISA_USAGE = YES_ERROR;
				CLANG_WARN_DOCUMENTATION_COMMENTS = YES;
				CLANG_WARN_EMPTY_BODY = YES;
				CLANG_WARN_ENUM_CONVERSION = YES;
				CLANG_WARN_INFINITE_RECURSION = YES;
				CLANG_WARN_INT_CONVERSION = YES;
				CLANG_WARN_NON_LITERAL_NULL_CONVERSION = YES;
				CLANG_WARN_OBJC_IMPLICIT_RETAIN_SELF = YES;
				CLANG_WARN_OBJC_LITERAL_CONVERSION = YES;
				CLANG_WARN_OBJC_ROOT_CLASS = YES_ERROR;
				CLANG_WARN_QUOTED_INCLUDE_IN_FRAMEWORK_HEADER = YES;
				CLANG_WARN_RANGE_LOOP_ANALYSIS = YES;
				CLANG_WARN_STRICT_PROTOTYPES = YES;
				CLANG_WARN_SUSPICIOUS_MOVE = YES;
				CLANG_WARN_UNGUARDED_AVAILABILITY = YES_AGGRESSIVE;
				CLANG_WARN_UNREACHABLE_CODE = YES;
				CLANG_WARN__DUPLICATE_METHOD_MATCH = YES;
				COPY_PHASE_STRIP = NO;
				DEBUG_INFORMATION_FORMAT = dwarf;
				ENABLE_STRICT_OBJC_MSGSEND = YES;
				ENABLE_TESTABILITY = YES;
				GCC_C_LANGUAGE_STANDARD = gnu11;
				GCC_DYNAMIC_NO_PIC = NO;
				GCC_NO_COMMON_BLOCKS = YES;
				GCC_OPTIMIZATION_LEVEL = 0;
				GCC_PREPROCESSOR_DEFINITIONS = (
					"DEBUG=1",
					"$(inherited)",
				);
				GCC_WARN_64_TO_32_BIT_CONVERSION = YES;
				GCC_WARN_ABOUT_RETURN_TYPE = YES_ERROR;
				GCC_WARN_UNDECLARED_SELECTOR = YES;
				GCC_WARN_UNINITIALIZED_AUTOS = YES_AGGRESSIVE;
				GCC_WARN_UNUSED_FUNCTION = YES;
				GCC_WARN_UNUSED_VARIABLE = YES;
				MACOSX_DEPLOYMENT_TARGET = 12.3;
				MTL_ENABLE_DEBUG_INFO = INCLUDE_SOURCE;
				MTL_FAST_MATH = YES;
				ONLY_ACTIVE_ARCH = YES;
				SDKROOT = macosx;
				SWIFT_ACTIVE_COMPILATION_CONDITIONS = DEBUG;
				SWIFT_OPTIMIZATION_LEVEL = "-Onone";
			};
			name = Debug;
		};
		94FC038528C0CEC80080D5A3 /* Release */ = {
			isa = XCBuildConfiguration;
			buildSettings = {
				ALWAYS_SEARCH_USER_PATHS = NO;
				CLANG_ANALYZER_NONNULL = YES;
				CLANG_ANALYZER_NUMBER_OBJECT_CONVERSION = YES_AGGRESSIVE;
				CLANG_CXX_LANGUAGE_STANDARD = "gnu++17";
				CLANG_ENABLE_MODULES = YES;
				CLANG_ENABLE_OBJC_ARC = YES;
				CLANG_ENABLE_OBJC_WEAK = YES;
				CLANG_WARN_BLOCK_CAPTURE_AUTORELEASING = YES;
				CLANG_WARN_BOOL_CONVERSION = YES;
				CLANG_WARN_COMMA = YES;
				CLANG_WARN_CONSTANT_CONVERSION = YES;
				CLANG_WARN_DEPRECATED_OBJC_IMPLEMENTATIONS = YES;
				CLANG_WARN_DIRECT_OBJC_ISA_USAGE = YES_ERROR;
				CLANG_WARN_DOCUMENTATION_COMMENTS = YES;
				CLANG_WARN_EMPTY_BODY = YES;
				CLANG_WARN_ENUM_CONVERSION = YES;
				CLANG_WARN_INFINITE_RECURSION = YES;
				CLANG_WARN_INT_CONVERSION = YES;
				CLANG_WARN_NON_LITERAL_NULL_CONVERSION = YES;
				CLANG_WARN_OBJC_IMPLICIT_RETAIN_SELF = YES;
				CLANG_WARN_OBJC_LITERAL_CONVERSION = YES;
				CLANG_WARN_OBJC_ROOT_CLASS = YES_ERROR;
				CLANG_WARN_QUOTED_INCLUDE_IN_FRAMEWORK_HEADER = YES;
				CLANG_WARN_RANGE_LOOP_ANALYSIS = YES;
				CLANG_WARN_STRICT_PROTOTYPES = YES;
				CLANG_WARN_SUSPICIOUS_MOVE = YES;
				CLANG_WARN_UNGUARDED_AVAILABILITY = YES_AGGRESSIVE;
				CLANG_WARN_UNREACHABLE_CODE = YES;
				CLANG_WARN__DUPLICATE_METHOD_MATCH = YES;
				COPY_PHASE_STRIP = NO;
				DEBUG_INFORMATION_FORMAT = "dwarf-with-dsym";
				ENABLE_NS_ASSERTIONS = NO;
				ENABLE_STRICT_OBJC_MSGSEND = YES;
				GCC_C_LANGUAGE_STANDARD = gnu11;
				GCC_NO_COMMON_BLOCKS = YES;
				GCC_WARN_64_TO_32_BIT_CONVERSION = YES;
				GCC_WARN_ABOUT_RETURN_TYPE = YES_ERROR;
				GCC_WARN_UNDECLARED_SELECTOR = YES;
				GCC_WARN_UNINITIALIZED_AUTOS = YES_AGGRESSIVE;
				GCC_WARN_UNUSED_FUNCTION = YES;
				GCC_WARN_UNUSED_VARIABLE = YES;
				MACOSX_DEPLOYMENT_TARGET = 12.3;
				MTL_ENABLE_DEBUG_INFO = NO;
				MTL_FAST_MATH = YES;
				SDKROOT = macosx;
				SWIFT_COMPILATION_MODE = wholemodule;
				SWIFT_OPTIMIZATION_LEVEL = "-O";
			};
			name = Release;
		};
		94FC038728C0CEC80080D5A3 /* Debug */ = {
			isa = XCBuildConfiguration;
			buildSettings = {
				CODE_SIGN_STYLE = Automatic;
				PRODUCT_NAME = "$(TARGET_NAME)";
				SWIFT_VERSION = 5.0;
			};
			name = Debug;
		};
		94FC038828C0CEC80080D5A3 /* Release */ = {
			isa = XCBuildConfiguration;
			buildSettings = {
				CODE_SIGN_STYLE = Automatic;
				PRODUCT_NAME = "$(TARGET_NAME)";
				SWIFT_VERSION = 5.0;
			};
			name = Release;
		};
/* End XCBuildConfiguration section */

/* Begin XCConfigurationList section */
		94FC037A28C0CEC80080D5A3 /* Build configuration list for PBXProject "TestLeetCode" */ = {
			isa = XCConfigurationList;
			buildConfigurations = (
				94FC038428C0CEC80080D5A3 /* Debug */,
				94FC038528C0CEC80080D5A3 /* Release */,
			);
			defaultConfigurationIsVisible = 0;
			defaultConfigurationName = Release;
		};
		94FC038628C0CEC80080D5A3 /* Build configuration list for PBXNativeTarget "TestLeetCode" */ = {
			isa = XCConfigurationList;
			buildConfigurations = (
				94FC038728C0CEC80080D5A3 /* Debug */,
				94FC038828C0CEC80080D5A3 /* Release */,
			);
			defaultConfigurationIsVisible = 0;
			defaultConfigurationName = Release;
		};
/* End XCConfigurationList section */
	};
	rootObject = 94FC037728C0CEC80080D5A3 /* Project object */;
}
